
Microsoft Visual Studio Solution File, Format Version 12.00
# Visual Studio Version 17
VisualStudioVersion = 17.11.35208.52
MinimumVisualStudioVersion = 10.0.40219.1
Project("{2150E333-8FDC-42A3-9474-1A3956D46DE8}") = "Services", "Services", "{DB4639AE-A4D0-40AC-8BEF-592A3D1744C8}"
EndProject
Project("{2150E333-8FDC-42A3-9474-1A3956D46DE8}") = "Catalog", "Catalog", "{267BF1F9-1B76-43DF-8D73-94D197254E56}"
EndProject
Project("{9A19103F-16F7-4668-BE54-9A1E7A4F7556}") = "Catalog.API", "Services\Catalog\Catalog.API\Catalog.API.csproj", "{93756B45-8F31-4BCD-8919-861D46D94597}"
EndProject
Project("{2150E333-8FDC-42A3-9474-1A3956D46DE8}") = "BuildingBlocks", "BuildingBlocks", "{720D57C6-4116-4256-A166-B1FF578AF8BF}"
EndProject
Project("{FAE04EC0-301F-11D3-BF4B-00C04F79EFBC}") = "BuildingBlocks", "BuildingBlocks\BuildingBlocks\BuildingBlocks.csproj", "{3657AA7C-B6BD-491E-BD25-CEC99CAD5314}"
EndProject
Global
	GlobalSection(SolutionConfigurationPlatforms) = preSolution
		Debug|Any CPU = Debug|Any CPU
		Release|Any CPU = Release|Any CPU
	EndGlobalSection
	GlobalSection(ProjectConfigurationPlatforms) = postSolution
		{93756B45-8F31-4BCD-8919-861D46D94597}.Debug|Any CPU.ActiveCfg = Debug|Any CPU
		{93756B45-8F31-4BCD-8919-861D46D94597}.Debug|Any CPU.Build.0 = Debug|Any CPU
		{93756B45-8F31-4BCD-8919-861D46D94597}.Release|Any CPU.ActiveCfg = Release|Any CPU
		{93756B45-8F31-4BCD-8919-861D46D94597}.Release|Any CPU.Build.0 = Release|Any CPU
		{3657AA7C-B6BD-491E-BD25-CEC99CAD5314}.Debug|Any CPU.ActiveCfg = Debug|Any CPU
		{3657AA7C-B6BD-491E-BD25-CEC99CAD5314}.Debug|Any CPU.Build.0 = Debug|Any CPU
		{3657AA7C-B6BD-491E-BD25-CEC99CAD5314}.Release|Any CPU.ActiveCfg = Release|Any CPU
		{3657AA7C-B6BD-491E-BD25-CEC99CAD5314}.Release|Any CPU.Build.0 = Release|Any CPU
	EndGlobalSection
	GlobalSection(SolutionProperties) = preSolution
		HideSolutionNode = FALSE
	EndGlobalSection
	GlobalSection(NestedProjects) = preSolution
		{267BF1F9-1B76-43DF-8D73-94D197254E56} = {DB4639AE-A4D0-40AC-8BEF-592A3D1744C8}
		{93756B45-8F31-4BCD-8919-861D46D94597} = {267BF1F9-1B76-43DF-8D73-94D197254E56}
		{3657AA7C-B6BD-491E-BD25-CEC99CAD5314} = {720D57C6-4116-4256-A166-B1FF578AF8BF}
	EndGlobalSection
	GlobalSection(ExtensibilityGlobals) = postSolution
		SolutionGuid = {2D4850E4-2C86-4A32-9EA9-9AEE953C3931}
	EndGlobalSection
EndGlobal
